// !$*UTF8*$!
{
	archiveVersion = 1;
	classes = {
	};
	objectVersion = 56;
	objects = {

/* Begin PBXBuildFile section */
		C3BD62212C571EC300BDD388 /* CrisCrosApp.swift in Sources */ = {isa = PBXBuildFile; fileRef = C3BD62202C571EC300BDD388 /* CrisCrosApp.swift */; };
		C3BD62232C571EC300BDD388 /* ContentView.swift in Sources */ = {isa = PBXBuildFile; fileRef = C3BD62222C571EC300BDD388 /* ContentView.swift */; };
		C3BD62252C571EC400BDD388 /* Assets.xcassets in Resources */ = {isa = PBXBuildFile; fileRef = C3BD62242C571EC400BDD388 /* Assets.xcassets */; };
		C3BD62282C571EC400BDD388 /* Preview Assets.xcassets in Resources */ = {isa = PBXBuildFile; fileRef = C3BD62272C571EC400BDD388 /* Preview Assets.xcassets */; };
		C3BD62322C571EC500BDD388 /* CrisCrosTests.swift in Sources */ = {isa = PBXBuildFile; fileRef = C3BD62312C571EC500BDD388 /* CrisCrosTests.swift */; };
		C3BD623C2C571EC500BDD388 /* CrisCrosUITests.swift in Sources */ = {isa = PBXBuildFile; fileRef = C3BD623B2C571EC500BDD388 /* CrisCrosUITests.swift */; };
		C3BD623E2C571EC500BDD388 /* CrisCrosUITestsLaunchTests.swift in Sources */ = {isa = PBXBuildFile; fileRef = C3BD623D2C571EC500BDD388 /* CrisCrosUITestsLaunchTests.swift */; };
		C3BD624B2C5724D600BDD388 /* Launch Screen.storyboard in Resources */ = {isa = PBXBuildFile; fileRef = C3BD624A2C5724D600BDD388 /* Launch Screen.storyboard */; };
		C3BD624E2C5729B900BDD388 /* GameModels.swift in Sources */ = {isa = PBXBuildFile; fileRef = C3BD624D2C5729B900BDD388 /* GameModels.swift */; };
		C3BD62512C585C2C00BDD388 /* ViewModifies.swift in Sources */ = {isa = PBXBuildFile; fileRef = C3BD62502C585C2C00BDD388 /* ViewModifies.swift */; };
		C3BD62562C585FB200BDD388 /* GameView.swift in Sources */ = {isa = PBXBuildFile; fileRef = C3BD62552C585FB200BDD388 /* GameView.swift */; };
/* End PBXBuildFile section */

/* Begin PBXContainerItemProxy section */
		C3BD622E2C571EC500BDD388 /* PBXContainerItemProxy */ = {
			isa = PBXContainerItemProxy;
			containerPortal = C3BD62152C571EC300BDD388 /* Project object */;
			proxyType = 1;
			remoteGlobalIDString = C3BD621C2C571EC300BDD388;
			remoteInfo = CrisCros;
		};
		C3BD62382C571EC500BDD388 /* PBXContainerItemProxy */ = {
			isa = PBXContainerItemProxy;
			containerPortal = C3BD62152C571EC300BDD388 /* Project object */;
			proxyType = 1;
			remoteGlobalIDString = C3BD621C2C571EC300BDD388;
			remoteInfo = CrisCros;
		};
/* End PBXContainerItemProxy section */

/* Begin PBXFileReference section */
		C3BD621D2C571EC300BDD388 /* CrisCros.app */ = {isa = PBXFileReference; explicitFileType = wrapper.application; includeInIndex = 0; path = CrisCros.app; sourceTree = BUILT_PRODUCTS_DIR; };
		C3BD62202C571EC300BDD388 /* CrisCrosApp.swift */ = {isa = PBXFileReference; lastKnownFileType = sourcecode.swift; path = CrisCrosApp.swift; sourceTree = "<group>"; };
		C3BD62222C571EC300BDD388 /* ContentView.swift */ = {isa = PBXFileReference; lastKnownFileType = sourcecode.swift; path = ContentView.swift; sourceTree = "<group>"; };
		C3BD62242C571EC400BDD388 /* Assets.xcassets */ = {isa = PBXFileReference; lastKnownFileType = folder.assetcatalog; path = Assets.xcassets; sourceTree = "<group>"; };
		C3BD62272C571EC400BDD388 /* Preview Assets.xcassets */ = {isa = PBXFileReference; lastKnownFileType = folder.assetcatalog; path = "Preview Assets.xcassets"; sourceTree = "<group>"; };
		C3BD622D2C571EC500BDD388 /* CrisCrosTests.xctest */ = {isa = PBXFileReference; explicitFileType = wrapper.cfbundle; includeInIndex = 0; path = CrisCrosTests.xctest; sourceTree = BUILT_PRODUCTS_DIR; };
		C3BD62312C571EC500BDD388 /* CrisCrosTests.swift */ = {isa = PBXFileReference; lastKnownFileType = sourcecode.swift; path = CrisCrosTests.swift; sourceTree = "<group>"; };
		C3BD62372C571EC500BDD388 /* CrisCrosUITests.xctest */ = {isa = PBXFileReference; explicitFileType = wrapper.cfbundle; includeInIndex = 0; path = CrisCrosUITests.xctest; sourceTree = BUILT_PRODUCTS_DIR; };
		C3BD623B2C571EC500BDD388 /* CrisCrosUITests.swift */ = {isa = PBXFileReference; lastKnownFileType = sourcecode.swift; path = CrisCrosUITests.swift; sourceTree = "<group>"; };
		C3BD623D2C571EC500BDD388 /* CrisCrosUITestsLaunchTests.swift */ = {isa = PBXFileReference; lastKnownFileType = sourcecode.swift; path = CrisCrosUITestsLaunchTests.swift; sourceTree = "<group>"; };
		C3BD624A2C5724D600BDD388 /* Launch Screen.storyboard */ = {isa = PBXFileReference; lastKnownFileType = file.storyboard; path = "Launch Screen.storyboard"; sourceTree = "<group>"; };
		C3BD624D2C5729B900BDD388 /* GameModels.swift */ = {isa = PBXFileReference; lastKnownFileType = sourcecode.swift; path = GameModels.swift; sourceTree = "<group>"; };
		C3BD62502C585C2C00BDD388 /* ViewModifies.swift */ = {isa = PBXFileReference; lastKnownFileType = sourcecode.swift; path = ViewModifies.swift; sourceTree = "<group>"; };
		C3BD62552C585FB200BDD388 /* GameView.swift */ = {isa = PBXFileReference; lastKnownFileType = sourcecode.swift; path = GameView.swift; sourceTree = "<group>"; };
/* End PBXFileReference section */

/* Begin PBXFrameworksBuildPhase section */
		C3BD621A2C571EC300BDD388 /* Frameworks */ = {
			isa = PBXFrameworksBuildPhase;
			buildActionMask = 2147483647;
			files = (
			);
			runOnlyForDeploymentPostprocessing = 0;
		};
		C3BD622A2C571EC500BDD388 /* Frameworks */ = {
			isa = PBXFrameworksBuildPhase;
			buildActionMask = 2147483647;
			files = (
			);
			runOnlyForDeploymentPostprocessing = 0;
		};
		C3BD62342C571EC500BDD388 /* Frameworks */ = {
			isa = PBXFrameworksBuildPhase;
			buildActionMask = 2147483647;
			files = (
			);
			runOnlyForDeploymentPostprocessing = 0;
		};
/* End PBXFrameworksBuildPhase section */

/* Begin PBXGroup section */
		C3BD62142C571EC300BDD388 = {
			isa = PBXGroup;
			children = (
				C3BD621F2C571EC300BDD388 /* CrisCros */,
				C3BD62302C571EC500BDD388 /* CrisCrosTests */,
				C3BD623A2C571EC500BDD388 /* CrisCrosUITests */,
				C3BD621E2C571EC300BDD388 /* Products */,
			);
			sourceTree = "<group>";
		};
		C3BD621E2C571EC300BDD388 /* Products */ = {
			isa = PBXGroup;
			children = (
				C3BD621D2C571EC300BDD388 /* CrisCros.app */,
				C3BD622D2C571EC500BDD388 /* CrisCrosTests.xctest */,
				C3BD62372C571EC500BDD388 /* CrisCrosUITests.xctest */,
			);
			name = Products;
			sourceTree = "<group>";
		};
		C3BD621F2C571EC300BDD388 /* CrisCros */ = {
			isa = PBXGroup;
			children = (
				C3BD62202C571EC300BDD388 /* CrisCrosApp.swift */,
				C3BD62222C571EC300BDD388 /* ContentView.swift */,
				C3BD62522C585E7E00BDD388 /* Game Screen */,
				C3BD624F2C585BF500BDD388 /* Utilities */,
				C3BD624C2C57298B00BDD388 /* Models */,
				C3BD62242C571EC400BDD388 /* Assets.xcassets */,
				C3BD624A2C5724D600BDD388 /* Launch Screen.storyboard */,
				C3BD62262C571EC400BDD388 /* Preview Content */,
			);
			path = CrisCros;
			sourceTree = "<group>";
		};
		C3BD62262C571EC400BDD388 /* Preview Content */ = {
			isa = PBXGroup;
			children = (
				C3BD62272C571EC400BDD388 /* Preview Assets.xcassets */,
			);
			path = "Preview Content";
			sourceTree = "<group>";
		};
		C3BD62302C571EC500BDD388 /* CrisCrosTests */ = {
			isa = PBXGroup;
			children = (
				C3BD62312C571EC500BDD388 /* CrisCrosTests.swift */,
			);
			path = CrisCrosTests;
			sourceTree = "<group>";
		};
		C3BD623A2C571EC500BDD388 /* CrisCrosUITests */ = {
			isa = PBXGroup;
			children = (
				C3BD623B2C571EC500BDD388 /* CrisCrosUITests.swift */,
				C3BD623D2C571EC500BDD388 /* CrisCrosUITestsLaunchTests.swift */,
			);
			path = CrisCrosUITests;
			sourceTree = "<group>";
		};
		C3BD624C2C57298B00BDD388 /* Models */ = {
			isa = PBXGroup;
			children = (
				C3BD624D2C5729B900BDD388 /* GameModels.swift */,
			);
			path = Models;
			sourceTree = "<group>";
		};
		C3BD624F2C585BF500BDD388 /* Utilities */ = {
			isa = PBXGroup;
			children = (
				C3BD62502C585C2C00BDD388 /* ViewModifies.swift */,
			);
			path = Utilities;
			sourceTree = "<group>";
		};
		C3BD62522C585E7E00BDD388 /* Game Screen */ = {
			isa = PBXGroup;
			children = (
				C3BD62552C585FB200BDD388 /* GameView.swift */,
			);
			path = "Game Screen";
			sourceTree = "<group>";
		};
/* End PBXGroup section */

/* Begin PBXNativeTarget section */
		C3BD621C2C571EC300BDD388 /* CrisCros */ = {
			isa = PBXNativeTarget;
			buildConfigurationList = C3BD62412C571EC500BDD388 /* Build configuration list for PBXNativeTarget "CrisCros" */;
			buildPhases = (
				C3BD62192C571EC300BDD388 /* Sources */,
				C3BD621A2C571EC300BDD388 /* Frameworks */,
				C3BD621B2C571EC300BDD388 /* Resources */,
			);
			buildRules = (
			);
			dependencies = (
			);
			name = CrisCros;
			productName = CrisCros;
			productReference = C3BD621D2C571EC300BDD388 /* CrisCros.app */;
			productType = "com.apple.product-type.application";
		};
		C3BD622C2C571EC500BDD388 /* CrisCrosTests */ = {
			isa = PBXNativeTarget;
			buildConfigurationList = C3BD62442C571EC500BDD388 /* Build configuration list for PBXNativeTarget "CrisCrosTests" */;
			buildPhases = (
				C3BD62292C571EC500BDD388 /* Sources */,
				C3BD622A2C571EC500BDD388 /* Frameworks */,
				C3BD622B2C571EC500BDD388 /* Resources */,
			);
			buildRules = (
			);
			dependencies = (
				C3BD622F2C571EC500BDD388 /* PBXTargetDependency */,
			);
			name = CrisCrosTests;
			productName = CrisCrosTests;
			productReference = C3BD622D2C571EC500BDD388 /* CrisCrosTests.xctest */;
			productType = "com.apple.product-type.bundle.unit-test";
		};
		C3BD62362C571EC500BDD388 /* CrisCrosUITests */ = {
			isa = PBXNativeTarget;
			buildConfigurationList = C3BD62472C571EC500BDD388 /* Build configuration list for PBXNativeTarget "CrisCrosUITests" */;
			buildPhases = (
				C3BD62332C571EC500BDD388 /* Sources */,
				C3BD62342C571EC500BDD388 /* Frameworks */,
				C3BD62352C571EC500BDD388 /* Resources */,
			);
			buildRules = (
			);
			dependencies = (
				C3BD62392C571EC500BDD388 /* PBXTargetDependency */,
			);
			name = CrisCrosUITests;
			productName = CrisCrosUITests;
			productReference = C3BD62372C571EC500BDD388 /* CrisCrosUITests.xctest */;
			productType = "com.apple.product-type.bundle.ui-testing";
		};
/* End PBXNativeTarget section */

/* Begin PBXProject section */
		C3BD62152C571EC300BDD388 /* Project object */ = {
			isa = PBXProject;
			attributes = {
				BuildIndependentTargetsInParallel = 1;
				LastSwiftUpdateCheck = 1540;
				LastUpgradeCheck = 1540;
				TargetAttributes = {
					C3BD621C2C571EC300BDD388 = {
						CreatedOnToolsVersion = 15.4;
					};
					C3BD622C2C571EC500BDD388 = {
						CreatedOnToolsVersion = 15.4;
						TestTargetID = C3BD621C2C571EC300BDD388;
					};
					C3BD62362C571EC500BDD388 = {
						CreatedOnToolsVersion = 15.4;
						TestTargetID = C3BD621C2C571EC300BDD388;
					};
				};
			};
			buildConfigurationList = C3BD62182C571EC300BDD388 /* Build configuration list for PBXProject "CrisCros" */;
			compatibilityVersion = "Xcode 14.0";
			developmentRegion = en;
			hasScannedForEncodings = 0;
			knownRegions = (
				en,
				Base,
			);
			mainGroup = C3BD62142C571EC300BDD388;
			productRefGroup = C3BD621E2C571EC300BDD388 /* Products */;
			projectDirPath = "";
			projectRoot = "";
			targets = (
				C3BD621C2C571EC300BDD388 /* CrisCros */,
				C3BD622C2C571EC500BDD388 /* CrisCrosTests */,
				C3BD62362C571EC500BDD388 /* CrisCrosUITests */,
			);
		};
/* End PBXProject section */

/* Begin PBXResourcesBuildPhase section */
		C3BD621B2C571EC300BDD388 /* Resources */ = {
			isa = PBXResourcesBuildPhase;
			buildActionMask = 2147483647;
			files = (
				C3BD624B2C5724D600BDD388 /* Launch Screen.storyboard in Resources */,
				C3BD62282C571EC400BDD388 /* Preview Assets.xcassets in Resources */,
				C3BD62252C571EC400BDD388 /* Assets.xcassets in Resources */,
			);
			runOnlyForDeploymentPostprocessing = 0;
		};
		C3BD622B2C571EC500BDD388 /* Resources */ = {
			isa = PBXResourcesBuildPhase;
			buildActionMask = 2147483647;
			files = (
			);
			runOnlyForDeploymentPostprocessing = 0;
		};
		C3BD62352C571EC500BDD388 /* Resources */ = {
			isa = PBXResourcesBuildPhase;
			buildActionMask = 2147483647;
			files = (
			);
			runOnlyForDeploymentPostprocessing = 0;
		};
/* End PBXResourcesBuildPhase section */

/* Begin PBXSourcesBuildPhase section */
		C3BD62192C571EC300BDD388 /* Sources */ = {
			isa = PBXSourcesBuildPhase;
			buildActionMask = 2147483647;
			files = (
				C3BD62512C585C2C00BDD388 /* ViewModifies.swift in Sources */,
				C3BD62232C571EC300BDD388 /* ContentView.swift in Sources */,
				C3BD624E2C5729B900BDD388 /* GameModels.swift in Sources */,
				C3BD62212C571EC300BDD388 /* CrisCrosApp.swift in Sources */,
				C3BD62562C585FB200BDD388 /* GameView.swift in Sources */,
			);
			runOnlyForDeploymentPostprocessing = 0;
		};
		C3BD62292C571EC500BDD388 /* Sources */ = {
			isa = PBXSourcesBuildPhase;
			buildActionMask = 2147483647;
			files = (
				C3BD62322C571EC500BDD388 /* CrisCrosTests.swift in Sources */,
			);
			runOnlyForDeploymentPostprocessing = 0;
		};
		C3BD62332C571EC500BDD388 /* Sources */ = {
			isa = PBXSourcesBuildPhase;
			buildActionMask = 2147483647;
			files = (
				C3BD623E2C571EC500BDD388 /* CrisCrosUITestsLaunchTests.swift in Sources */,
				C3BD623C2C571EC500BDD388 /* CrisCrosUITests.swift in Sources */,
			);
			runOnlyForDeploymentPostprocessing = 0;
		};
/* End PBXSourcesBuildPhase section */

/* Begin PBXTargetDependency section */
		C3BD622F2C571EC500BDD388 /* PBXTargetDependency */ = {
			isa = PBXTargetDependency;
			target = C3BD621C2C571EC300BDD388 /* CrisCros */;
			targetProxy = C3BD622E2C571EC500BDD388 /* PBXContainerItemProxy */;
		};
		C3BD62392C571EC500BDD388 /* PBXTargetDependency */ = {
			isa = PBXTargetDependency;
			target = C3BD621C2C571EC300BDD388 /* CrisCros */;
			targetProxy = C3BD62382C571EC500BDD388 /* PBXContainerItemProxy */;
		};
/* End PBXTargetDependency section */

/* Begin XCBuildConfiguration section */
		C3BD623F2C571EC500BDD388 /* Debug */ = {
			isa = XCBuildConfiguration;
			buildSettings = {
				ALWAYS_SEARCH_USER_PATHS = NO;
				ASSETCATALOG_COMPILER_GENERATE_SWIFT_ASSET_SYMBOL_EXTENSIONS = YES;
				CLANG_ANALYZER_NONNULL = YES;
				CLANG_ANALYZER_NUMBER_OBJECT_CONVERSION = YES_AGGRESSIVE;
				CLANG_CXX_LANGUAGE_STANDARD = "gnu++20";
				CLANG_ENABLE_MODULES = YES;
				CLANG_ENABLE_OBJC_ARC = YES;
				CLANG_ENABLE_OBJC_WEAK = YES;
				CLANG_WARN_BLOCK_CAPTURE_AUTORELEASING = YES;
				CLANG_WARN_BOOL_CONVERSION = YES;
				CLANG_WARN_COMMA = YES;
				CLANG_WARN_CONSTANT_CONVERSION = YES;
				CLANG_WARN_DEPRECATED_OBJC_IMPLEMENTATIONS = YES;
				CLANG_WARN_DIRECT_OBJC_ISA_USAGE = YES_ERROR;
				CLANG_WARN_DOCUMENTATION_COMMENTS = YES;
				CLANG_WARN_EMPTY_BODY = YES;
				CLANG_WARN_ENUM_CONVERSION = YES;
				CLANG_WARN_INFINITE_RECURSION = YES;
				CLANG_WARN_INT_CONVERSION = YES;
				CLANG_WARN_NON_LITERAL_NULL_CONVERSION = YES;
				CLANG_WARN_OBJC_IMPLICIT_RETAIN_SELF = YES;
				CLANG_WARN_OBJC_LITERAL_CONVERSION = YES;
				CLANG_WARN_OBJC_ROOT_CLASS = YES_ERROR;
				CLANG_WARN_QUOTED_INCLUDE_IN_FRAMEWORK_HEADER = YES;
				CLANG_WARN_RANGE_LOOP_ANALYSIS = YES;
				CLANG_WARN_STRICT_PROTOTYPES = YES;
				CLANG_WARN_SUSPICIOUS_MOVE = YES;
				CLANG_WARN_UNGUARDED_AVAILABILITY = YES_AGGRESSIVE;
				CLANG_WARN_UNREACHABLE_CODE = YES;
				CLANG_WARN__DUPLICATE_METHOD_MATCH = YES;
				COPY_PHASE_STRIP = NO;
				DEBUG_INFORMATION_FORMAT = dwarf;
				ENABLE_STRICT_OBJC_MSGSEND = YES;
				ENABLE_TESTABILITY = YES;
				ENABLE_USER_SCRIPT_SANDBOXING = YES;
				GCC_C_LANGUAGE_STANDARD = gnu17;
				GCC_DYNAMIC_NO_PIC = NO;
				GCC_NO_COMMON_BLOCKS = YES;
				GCC_OPTIMIZATION_LEVEL = 0;
				GCC_PREPROCESSOR_DEFINITIONS = (
					"DEBUG=1",
					"$(inherited)",
				);
				GCC_WARN_64_TO_32_BIT_CONVERSION = YES;
				GCC_WARN_ABOUT_RETURN_TYPE = YES_ERROR;
				GCC_WARN_UNDECLARED_SELECTOR = YES;
				GCC_WARN_UNINITIALIZED_AUTOS = YES_AGGRESSIVE;
				GCC_WARN_UNUSED_FUNCTION = YES;
				GCC_WARN_UNUSED_VARIABLE = YES;
				IPHONEOS_DEPLOYMENT_TARGET = 17.5;
				LOCALIZATION_PREFERS_STRING_CATALOGS = YES;
				MTL_ENABLE_DEBUG_INFO = INCLUDE_SOURCE;
				MTL_FAST_MATH = YES;
				ONLY_ACTIVE_ARCH = YES;
				SDKROOT = iphoneos;
				SWIFT_ACTIVE_COMPILATION_CONDITIONS = "DEBUG $(inherited)";
				SWIFT_OPTIMIZATION_LEVEL = "-Onone";
			};
			name = Debug;
		};
		C3BD62402C571EC500BDD388 /* Release */ = {
			isa = XCBuildConfiguration;
			buildSettings = {
				ALWAYS_SEARCH_USER_PATHS = NO;
				ASSETCATALOG_COMPILER_GENERATE_SWIFT_ASSET_SYMBOL_EXTENSIONS = YES;
				CLANG_ANALYZER_NONNULL = YES;
				CLANG_ANALYZER_NUMBER_OBJECT_CONVERSION = YES_AGGRESSIVE;
				CLANG_CXX_LANGUAGE_STANDARD = "gnu++20";
				CLANG_ENABLE_MODULES = YES;
				CLANG_ENABLE_OBJC_ARC = YES;
				CLANG_ENABLE_OBJC_WEAK = YES;
				CLANG_WARN_BLOCK_CAPTURE_AUTORELEASING = YES;
				CLANG_WARN_BOOL_CONVERSION = YES;
				CLANG_WARN_COMMA = YES;
				CLANG_WARN_CONSTANT_CONVERSION = YES;
				CLANG_WARN_DEPRECATED_OBJC_IMPLEMENTATIONS = YES;
				CLANG_WARN_DIRECT_OBJC_ISA_USAGE = YES_ERROR;
				CLANG_WARN_DOCUMENTATION_COMMENTS = YES;
				CLANG_WARN_EMPTY_BODY = YES;
				CLANG_WARN_ENUM_CONVERSION = YES;
				CLANG_WARN_INFINITE_RECURSION = YES;
				CLANG_WARN_INT_CONVERSION = YES;
				CLANG_WARN_NON_LITERAL_NULL_CONVERSION = YES;
				CLANG_WARN_OBJC_IMPLICIT_RETAIN_SELF = YES;
				CLANG_WARN_OBJC_LITERAL_CONVERSION = YES;
				CLANG_WARN_OBJC_ROOT_CLASS = YES_ERROR;
				CLANG_WARN_QUOTED_INCLUDE_IN_FRAMEWORK_HEADER = YES;
				CLANG_WARN_RANGE_LOOP_ANALYSIS = YES;
				CLANG_WARN_STRICT_PROTOTYPES = YES;
				CLANG_WARN_SUSPICIOUS_MOVE = YES;
				CLANG_WARN_UNGUARDED_AVAILABILITY = YES_AGGRESSIVE;
				CLANG_WARN_UNREACHABLE_CODE = YES;
				CLANG_WARN__DUPLICATE_METHOD_MATCH = YES;
				COPY_PHASE_STRIP = NO;
				DEBUG_INFORMATION_FORMAT = "dwarf-with-dsym";
				ENABLE_NS_ASSERTIONS = NO;
				ENABLE_STRICT_OBJC_MSGSEND = YES;
				ENABLE_USER_SCRIPT_SANDBOXING = YES;
				GCC_C_LANGUAGE_STANDARD = gnu17;
				GCC_NO_COMMON_BLOCKS = YES;
				GCC_WARN_64_TO_32_BIT_CONVERSION = YES;
				GCC_WARN_ABOUT_RETURN_TYPE = YES_ERROR;
				GCC_WARN_UNDECLARED_SELECTOR = YES;
				GCC_WARN_UNINITIALIZED_AUTOS = YES_AGGRESSIVE;
				GCC_WARN_UNUSED_FUNCTION = YES;
				GCC_WARN_UNUSED_VARIABLE = YES;
				IPHONEOS_DEPLOYMENT_TARGET = 17.5;
				LOCALIZATION_PREFERS_STRING_CATALOGS = YES;
				MTL_ENABLE_DEBUG_INFO = NO;
				MTL_FAST_MATH = YES;
				SDKROOT = iphoneos;
				SWIFT_COMPILATION_MODE = wholemodule;
				VALIDATE_PRODUCT = YES;
			};
			name = Release;
		};
		C3BD62422C571EC500BDD388 /* Debug */ = {
			isa = XCBuildConfiguration;
			buildSettings = {
				ASSETCATALOG_COMPILER_APPICON_NAME = AppIcon;
				ASSETCATALOG_COMPILER_GLOBAL_ACCENT_COLOR_NAME = AccentColor;
				CODE_SIGN_STYLE = Automatic;
				CURRENT_PROJECT_VERSION = 1;
				DEVELOPMENT_ASSET_PATHS = "\"CrisCros/Preview Content\"";
				ENABLE_PREVIEWS = YES;
				GENERATE_INFOPLIST_FILE = YES;
				INFOPLIST_KEY_UIApplicationSceneManifest_Generation = YES;
				INFOPLIST_KEY_UIApplicationSupportsIndirectInputEvents = YES;
				INFOPLIST_KEY_UILaunchScreen_Generation = YES;
				INFOPLIST_KEY_UILaunchStoryboardName = "Launch Screen.storyboard";
				INFOPLIST_KEY_UISupportedInterfaceOrientations = UIInterfaceOrientationPortrait;
				INFOPLIST_KEY_UISupportedInterfaceOrientations_iPad = "UIInterfaceOrientationLandscapeLeft UIInterfaceOrientationLandscapeRight UIInterfaceOrientationPortrait UIInterfaceOrientationPortraitUpsideDown";
				IPHONEOS_DEPLOYMENT_TARGET = 15.0;
				LD_RUNPATH_SEARCH_PATHS = (
					"$(inherited)",
					"@executable_path/Frameworks",
				);
				MARKETING_VERSION = 1.0;
				PRODUCT_BUNDLE_IDENTIFIER = Test.CrisCros;
				PRODUCT_NAME = "$(TARGET_NAME)";
				SUPPORTED_PLATFORMS = "iphoneos iphonesimulator";
				SUPPORTS_MACCATALYST = NO;
				SUPPORTS_XR_DESIGNED_FOR_IPHONE_IPAD = NO;
				SWIFT_EMIT_LOC_STRINGS = YES;
				SWIFT_VERSION = 5.0;
				TARGETED_DEVICE_FAMILY = "1,2";
			};
			name = Debug;
		};
		C3BD62432C571EC500BDD388 /* Release */ = {
			isa = XCBuildConfiguration;
			buildSettings = {
				ASSETCATALOG_COMPILER_APPICON_NAME = AppIcon;
				ASSETCATALOG_COMPILER_GLOBAL_ACCENT_COLOR_NAME = AccentColor;
				CODE_SIGN_STYLE = Automatic;
				CURRENT_PROJECT_VERSION = 1;
				DEVELOPMENT_ASSET_PATHS = "\"CrisCros/Preview Content\"";
				ENABLE_PREVIEWS = YES;
				GENERATE_INFOPLIST_FILE = YES;
				INFOPLIST_KEY_UIApplicationSceneManifest_Generation = YES;
				INFOPLIST_KEY_UIApplicationSupportsIndirectInputEvents = YES;
				INFOPLIST_KEY_UILaunchScreen_Generation = YES;
				INFOPLIST_KEY_UILaunchStoryboardName = "Launch Screen.storyboard";
				INFOPLIST_KEY_UISupportedInterfaceOrientations = UIInterfaceOrientationPortrait;
				INFOPLIST_KEY_UISupportedInterfaceOrientations_iPad = "UIInterfaceOrientationLandscapeLeft UIInterfaceOrientationLandscapeRight UIInterfaceOrientationPortrait UIInterfaceOrientationPortraitUpsideDown";
				IPHONEOS_DEPLOYMENT_TARGET = 15.0;
				LD_RUNPATH_SEARCH_PATHS = (
					"$(inherited)",
					"@executable_path/Frameworks",
				);
				MARKETING_VERSION = 1.0;
				PRODUCT_BUNDLE_IDENTIFIER = Test.CrisCros;
				PRODUCT_NAME = "$(TARGET_NAME)";
				SUPPORTED_PLATFORMS = "iphoneos iphonesimulator";
				SUPPORTS_MACCATALYST = NO;
				SUPPORTS_XR_DESIGNED_FOR_IPHONE_IPAD = NO;
				SWIFT_EMIT_LOC_STRINGS = YES;
				SWIFT_VERSION = 5.0;
				TARGETED_DEVICE_FAMILY = "1,2";
			};
			name = Release;
		};
		C3BD62452C571EC500BDD388 /* Debug */ = {
			isa = XCBuildConfiguration;
			buildSettings = {
				ALWAYS_EMBED_SWIFT_STANDARD_LIBRARIES = YES;
				BUNDLE_LOADER = "$(TEST_HOST)";
				CODE_SIGN_STYLE = Automatic;
				CURRENT_PROJECT_VERSION = 1;
				GENERATE_INFOPLIST_FILE = YES;
				IPHONEOS_DEPLOYMENT_TARGET = 17.5;
				MARKETING_VERSION = 1.0;
				PRODUCT_BUNDLE_IDENTIFIER = Test.CrisCrosTests;
				PRODUCT_NAME = "$(TARGET_NAME)";
				SWIFT_EMIT_LOC_STRINGS = NO;
				SWIFT_VERSION = 5.0;
				TARGETED_DEVICE_FAMILY = "1,2";
				TEST_HOST = "$(BUILT_PRODUCTS_DIR)/CrisCros.app/$(BUNDLE_EXECUTABLE_FOLDER_PATH)/CrisCros";
			};
			name = Debug;
		};
		C3BD62462C571EC500BDD388 /* Release */ = {
			isa = XCBuildConfiguration;
			buildSettings = {
				ALWAYS_EMBED_SWIFT_STANDARD_LIBRARIES = YES;
				BUNDLE_LOADER = "$(TEST_HOST)";
				CODE_SIGN_STYLE = Automatic;
				CURRENT_PROJECT_VERSION = 1;
				GENERATE_INFOPLIST_FILE = YES;
				IPHONEOS_DEPLOYMENT_TARGET = 17.5;
				MARKETING_VERSION = 1.0;
				PRODUCT_BUNDLE_IDENTIFIER = Test.CrisCrosTests;
				PRODUCT_NAME = "$(TARGET_NAME)";
				SWIFT_EMIT_LOC_STRINGS = NO;
				SWIFT_VERSION = 5.0;
				TARGETED_DEVICE_FAMILY = "1,2";
				TEST_HOST = "$(BUILT_PRODUCTS_DIR)/CrisCros.app/$(BUNDLE_EXECUTABLE_FOLDER_PATH)/CrisCros";
			};
			name = Release;
		};
		C3BD62482C571EC500BDD388 /* Debug */ = {
			isa = XCBuildConfiguration;
			buildSettings = {
				ALWAYS_EMBED_SWIFT_STANDARD_LIBRARIES = YES;
				CODE_SIGN_STYLE = Automatic;
				CURRENT_PROJECT_VERSION = 1;
				GENERATE_INFOPLIST_FILE = YES;
				MARKETING_VERSION = 1.0;
				PRODUCT_BUNDLE_IDENTIFIER = Test.CrisCrosUITests;
				PRODUCT_NAME = "$(TARGET_NAME)";
				SWIFT_EMIT_LOC_STRINGS = NO;
				SWIFT_VERSION = 5.0;
				TARGETED_DEVICE_FAMILY = "1,2";
				TEST_TARGET_NAME = CrisCros;
			};
			name = Debug;
		};
		C3BD62492C571EC500BDD388 /* Release */ = {
			isa = XCBuildConfiguration;
			buildSettings = {
				ALWAYS_EMBED_SWIFT_STANDARD_LIBRARIES = YES;
				CODE_SIGN_STYLE = Automatic;
				CURRENT_PROJECT_VERSION = 1;
				GENERATE_INFOPLIST_FILE = YES;
				MARKETING_VERSION = 1.0;
				PRODUCT_BUNDLE_IDENTIFIER = Test.CrisCrosUITests;
				PRODUCT_NAME = "$(TARGET_NAME)";
				SWIFT_EMIT_LOC_STRINGS = NO;
				SWIFT_VERSION = 5.0;
				TARGETED_DEVICE_FAMILY = "1,2";
				TEST_TARGET_NAME = CrisCros;
			};
			name = Release;
		};
/* End XCBuildConfiguration section */

/* Begin XCConfigurationList section */
		C3BD62182C571EC300BDD388 /* Build configuration list for PBXProject "CrisCros" */ = {
			isa = XCConfigurationList;
			buildConfigurations = (
				C3BD623F2C571EC500BDD388 /* Debug */,
				C3BD62402C571EC500BDD388 /* Release */,
			);
			defaultConfigurationIsVisible = 0;
			defaultConfigurationName = Release;
		};
		C3BD62412C571EC500BDD388 /* Build configuration list for PBXNativeTarget "CrisCros" */ = {
			isa = XCConfigurationList;
			buildConfigurations = (
				C3BD62422C571EC500BDD388 /* Debug */,
				C3BD62432C571EC500BDD388 /* Release */,
			);
			defaultConfigurationIsVisible = 0;
			defaultConfigurationName = Release;
		};
		C3BD62442C571EC500BDD388 /* Build configuration list for PBXNativeTarget "CrisCrosTests" */ = {
			isa = XCConfigurationList;
			buildConfigurations = (
				C3BD62452C571EC500BDD388 /* Debug */,
				C3BD62462C571EC500BDD388 /* Release */,
			);
			defaultConfigurationIsVisible = 0;
			defaultConfigurationName = Release;
		};
		C3BD62472C571EC500BDD388 /* Build configuration list for PBXNativeTarget "CrisCrosUITests" */ = {
			isa = XCConfigurationList;
			buildConfigurations = (
				C3BD62482C571EC500BDD388 /* Debug */,
				C3BD62492C571EC500BDD388 /* Release */,
			);
			defaultConfigurationIsVisible = 0;
			defaultConfigurationName = Release;
		};
/* End XCConfigurationList section */
	};
	rootObject = C3BD62152C571EC300BDD388 /* Project object */;
}
